
Microsoft Visual Studio Solution File, Format Version 12.00
# Visual Studio 15
VisualStudioVersion = 15.0.27130.2036
MinimumVisualStudioVersion = 10.0.40219.1
Project("{9092AA53-FB77-4645-B42D-1CCCA6BD08BD}") = "Worklog.Webclient", "Worklog.Webclient\Worklog.Webclient.njsproj", "{E20C736F-F1ED-4D8B-9842-F2D7FAC92FDD}"
EndProject
Project("{9092AA53-FB77-4645-B42D-1CCCA6BD08BD}") = "Worklog.API", "Worklog.API\Worklog.API.njsproj", "{B06EDB2B-0478-4AE9-88B0-548D257DE3CF}"
EndProject
Global
	GlobalSection(SolutionConfigurationPlatforms) = preSolution
		Debug|Any CPU = Debug|Any CPU
		Release|Any CPU = Release|Any CPU
	EndGlobalSection
	GlobalSection(ProjectConfigurationPlatforms) = postSolution
		{E20C736F-F1ED-4D8B-9842-F2D7FAC92FDD}.Debug|Any CPU.ActiveCfg = Debug|Any CPU
		{E20C736F-F1ED-4D8B-9842-F2D7FAC92FDD}.Debug|Any CPU.Build.0 = Debug|Any CPU
		{E20C736F-F1ED-4D8B-9842-F2D7FAC92FDD}.Release|Any CPU.ActiveCfg = Release|Any CPU
		{E20C736F-F1ED-4D8B-9842-F2D7FAC92FDD}.Release|Any CPU.Build.0 = Release|Any CPU
		{B06EDB2B-0478-4AE9-88B0-548D257DE3CF}.Debug|Any CPU.ActiveCfg = Debug|Any CPU
		{B06EDB2B-0478-4AE9-88B0-548D257DE3CF}.Debug|Any CPU.Build.0 = Debug|Any CPU
		{B06EDB2B-0478-4AE9-88B0-548D257DE3CF}.Release|Any CPU.ActiveCfg = Release|Any CPU
		{B06EDB2B-0478-4AE9-88B0-548D257DE3CF}.Release|Any CPU.Build.0 = Release|Any CPU
	EndGlobalSection
	GlobalSection(SolutionProperties) = preSolution
		HideSolutionNode = FALSE
	EndGlobalSection
	GlobalSection(ExtensibilityGlobals) = postSolution
		SolutionGuid = {D79E4038-7B4D-432C-8C47-8518593BF788}
	EndGlobalSection
EndGlobal
